
Microsoft Visual Studio Solution File, Format Version 12.00
# Visual Studio Version 17
VisualStudioVersion = 17.13.35818.85 d17.13
MinimumVisualStudioVersion = 10.0.40219.1
Project("{FAE04EC0-301F-11D3-BF4B-00C04F79EFBC}") = "TechXpress.Data", "TechXpress.Data\TechXpress.Data.csproj", "{861FC702-4448-4B2E-B0E9-0874CCE78092}"
EndProject
Project("{FAE04EC0-301F-11D3-BF4B-00C04F79EFBC}") = "TechXpress.Business", "TechXpress.Business\TechXpress.Business.csproj", "{43E74CE8-2901-44C8-8F47-51795211D6C5}"
EndProject
Project("{FAE04EC0-301F-11D3-BF4B-00C04F79EFBC}") = "TechXpress.API", "TechXpress.API\TechXpress.API.csproj", "{10ADBAA1-9D74-429E-AFBB-6ED0AB0B236D}"
EndProject
Global
	GlobalSection(SolutionConfigurationPlatforms) = preSolution
		Debug|Any CPU = Debug|Any CPU
		Release|Any CPU = Release|Any CPU
	EndGlobalSection
	GlobalSection(ProjectConfigurationPlatforms) = postSolution
		{861FC702-4448-4B2E-B0E9-0874CCE78092}.Debug|Any CPU.ActiveCfg = Debug|Any CPU
		{861FC702-4448-4B2E-B0E9-0874CCE78092}.Debug|Any CPU.Build.0 = Debug|Any CPU
		{861FC702-4448-4B2E-B0E9-0874CCE78092}.Release|Any CPU.ActiveCfg = Release|Any CPU
		{861FC702-4448-4B2E-B0E9-0874CCE78092}.Release|Any CPU.Build.0 = Release|Any CPU
		{43E74CE8-2901-44C8-8F47-51795211D6C5}.Debug|Any CPU.ActiveCfg = Debug|Any CPU
		{43E74CE8-2901-44C8-8F47-51795211D6C5}.Debug|Any CPU.Build.0 = Debug|Any CPU
		{43E74CE8-2901-44C8-8F47-51795211D6C5}.Release|Any CPU.ActiveCfg = Release|Any CPU
		{43E74CE8-2901-44C8-8F47-51795211D6C5}.Release|Any CPU.Build.0 = Release|Any CPU
		{10ADBAA1-9D74-429E-AFBB-6ED0AB0B236D}.Debug|Any CPU.ActiveCfg = Debug|Any CPU
		{10ADBAA1-9D74-429E-AFBB-6ED0AB0B236D}.Debug|Any CPU.Build.0 = Debug|Any CPU
		{10ADBAA1-9D74-429E-AFBB-6ED0AB0B236D}.Release|Any CPU.ActiveCfg = Release|Any CPU
		{10ADBAA1-9D74-429E-AFBB-6ED0AB0B236D}.Release|Any CPU.Build.0 = Release|Any CPU
	EndGlobalSection
	GlobalSection(SolutionProperties) = preSolution
		HideSolutionNode = FALSE
	EndGlobalSection
	GlobalSection(ExtensibilityGlobals) = postSolution
		SolutionGuid = {5B00B919-E2B6-46AA-89E0-4B34795D69DE}
	EndGlobalSection
EndGlobal
